# THIS IS AN AUTOGENERATED FILE. DO NOT EDIT THIS FILE DIRECTLY.
# yarn lockfile v1


deepmerge@2.0.1:
  version "2.0.1"
  resolved "http://repository.vnerd.com/artifactory/api/npm/npm-pluralsight/deepmerge/-/deepmerge-2.0.1.tgz#25c1c24f110fb914f80001b925264dd77f3f4312"

matrix-rotate@0.0.2:
  version "0.0.2"
  resolved "http://repository.vnerd.com/artifactory/api/npm/npm-pluralsight/matrix-rotate/-/matrix-rotate-0.0.2.tgz#14555a63d67e12310042489dc06d28ad5a873365"

ramda@0.25.0:
  version "0.25.0"
  resolved "http://repository.vnerd.com/artifactory/api/npm/npm-pluralsight/ramda/-/ramda-0.25.0.tgz#8fdf68231cffa90bc2f9460390a0cb74a29b29a9"
